
Microsoft Visual Studio Solution File, Format Version 12.00
# Visual Studio 15
VisualStudioVersion = 15.0.28307.1062
MinimumVisualStudioVersion = 10.0.40219.1
Project("{FAE04EC0-301F-11D3-BF4B-00C04F79EFBC}") = "TravelDiaries", "TravelDiaries\TravelDiaries.csproj", "{4F2CB414-2CA0-495A-8C3F-DA395E3FB548}"
EndProject
Global
	GlobalSection(SolutionConfigurationPlatforms) = preSolution
		Debug|Any CPU = Debug|Any CPU
		Release|Any CPU = Release|Any CPU
	EndGlobalSection
	GlobalSection(ProjectConfigurationPlatforms) = postSolution
		{4F2CB414-2CA0-495A-8C3F-DA395E3FB548}.Debug|Any CPU.ActiveCfg = Debug|Any CPU
		{4F2CB414-2CA0-495A-8C3F-DA395E3FB548}.Debug|Any CPU.Build.0 = Debug|Any CPU
		{4F2CB414-2CA0-495A-8C3F-DA395E3FB548}.Release|Any CPU.ActiveCfg = Release|Any CPU
		{4F2CB414-2CA0-495A-8C3F-DA395E3FB548}.Release|Any CPU.Build.0 = Release|Any CPU
	EndGlobalSection
	GlobalSection(SolutionProperties) = preSolution
		HideSolutionNode = FALSE
	EndGlobalSection
	GlobalSection(ExtensibilityGlobals) = postSolution
		SolutionGuid = {30C5CF13-DCE1-4B43-989A-D3E1B8657CDF}
	EndGlobalSection
EndGlobal
